// !$*UTF8*$!
{
	archiveVersion = 1;
	classes = {
	};
	objectVersion = 56;
	objects = {

/* Begin PBXBuildFile section */
		3658EDB02D3E08F6007F9F80 /* SplashVC.swift in Sources */ = {isa = PBXBuildFile; fileRef = 3658EDAF2D3E08F6007F9F80 /* SplashVC.swift */; };
		3658EDB42D3E0B28007F9F80 /* LaunchScreen.storyboard in Resources */ = {isa = PBXBuildFile; fileRef = 3658EDB32D3E0B28007F9F80 /* LaunchScreen.storyboard */; };
		3658EDB72D3E1F32007F9F80 /* AppColor.swift in Sources */ = {isa = PBXBuildFile; fileRef = 3658EDB62D3E1F32007F9F80 /* AppColor.swift */; };
		3658EDB92D3E203B007F9F80 /* Contants.swift in Sources */ = {isa = PBXBuildFile; fileRef = 3658EDB82D3E203A007F9F80 /* Contants.swift */; };
		3658EDBC2D3E2302007F9F80 /* UIView+Ext.swift in Sources */ = {isa = PBXBuildFile; fileRef = 3658EDBB2D3E2302007F9F80 /* UIView+Ext.swift */; };
		3658EDBF2D3E239F007F9F80 /* TapGestureRecognizer.swift in Sources */ = {isa = PBXBuildFile; fileRef = 3658EDBE2D3E239F007F9F80 /* TapGestureRecognizer.swift */; };
		3658EDC12D3E242F007F9F80 /* UserDefaultsManager.swift in Sources */ = {isa = PBXBuildFile; fileRef = 3658EDC02D3E242F007F9F80 /* UserDefaultsManager.swift */; };
		3658EDC52D3E2BDC007F9F80 /* UIColor+Ext.swift in Sources */ = {isa = PBXBuildFile; fileRef = 3658EDC42D3E2BDC007F9F80 /* UIColor+Ext.swift */; };
		3658EDC72D3E30AB007F9F80 /* AppFont.swift in Sources */ = {isa = PBXBuildFile; fileRef = 3658EDC62D3E30AB007F9F80 /* AppFont.swift */; };
		367C50892D3E040300F47641 /* AppDelegate.swift in Sources */ = {isa = PBXBuildFile; fileRef = 367C50882D3E040300F47641 /* AppDelegate.swift */; };
		367C508B2D3E040300F47641 /* SceneDelegate.swift in Sources */ = {isa = PBXBuildFile; fileRef = 367C508A2D3E040300F47641 /* SceneDelegate.swift */; };
		367C508D2D3E040300F47641 /* MainVC.swift in Sources */ = {isa = PBXBuildFile; fileRef = 367C508C2D3E040300F47641 /* MainVC.swift */; };
		367C50922D3E040400F47641 /* Assets.xcassets in Resources */ = {isa = PBXBuildFile; fileRef = 367C50912D3E040400F47641 /* Assets.xcassets */; };
		367C50A02D3E040500F47641 /* TestingTests.swift in Sources */ = {isa = PBXBuildFile; fileRef = 367C509F2D3E040500F47641 /* TestingTests.swift */; };
		367C50AA2D3E040500F47641 /* TestingUITests.swift in Sources */ = {isa = PBXBuildFile; fileRef = 367C50A92D3E040500F47641 /* TestingUITests.swift */; };
		367C50AC2D3E040500F47641 /* TestingUITestsLaunchTests.swift in Sources */ = {isa = PBXBuildFile; fileRef = 367C50AB2D3E040500F47641 /* TestingUITestsLaunchTests.swift */; };
		C4F8972291965D9D778DE92E /* Pods_Testing.framework in Frameworks */ = {isa = PBXBuildFile; fileRef = 28C472879BD8D4B682C619F7 /* Pods_Testing.framework */; };
		D10F656B601FDC1BC0579AA2 /* Pods_Testing_TestingUITests.framework in Frameworks */ = {isa = PBXBuildFile; fileRef = D83A155ECF7D04E72A67B309 /* Pods_Testing_TestingUITests.framework */; };
		F206D75B8458A523E55D0352 /* Pods_TestingTests.framework in Frameworks */ = {isa = PBXBuildFile; fileRef = 2D37DE68EF5AA7D814F9B4A1 /* Pods_TestingTests.framework */; };
/* End PBXBuildFile section */

/* Begin PBXContainerItemProxy section */
		367C509C2D3E040500F47641 /* PBXContainerItemProxy */ = {
			isa = PBXContainerItemProxy;
			containerPortal = 367C507D2D3E040300F47641 /* Project object */;
			proxyType = 1;
			remoteGlobalIDString = 367C50842D3E040300F47641;
			remoteInfo = Testing;
		};
		367C50A62D3E040500F47641 /* PBXContainerItemProxy */ = {
			isa = PBXContainerItemProxy;
			containerPortal = 367C507D2D3E040300F47641 /* Project object */;
			proxyType = 1;
			remoteGlobalIDString = 367C50842D3E040300F47641;
			remoteInfo = Testing;
		};
/* End PBXContainerItemProxy section */

/* Begin PBXFileReference section */
		145E1E654F6A3061A61362C2 /* Pods-TestingTests.debug.xcconfig */ = {isa = PBXFileReference; includeInIndex = 1; lastKnownFileType = text.xcconfig; name = "Pods-TestingTests.debug.xcconfig"; path = "Target Support Files/Pods-TestingTests/Pods-TestingTests.debug.xcconfig"; sourceTree = "<group>"; };
		28C472879BD8D4B682C619F7 /* Pods_Testing.framework */ = {isa = PBXFileReference; explicitFileType = wrapper.framework; includeInIndex = 0; path = Pods_Testing.framework; sourceTree = BUILT_PRODUCTS_DIR; };
		2D37DE68EF5AA7D814F9B4A1 /* Pods_TestingTests.framework */ = {isa = PBXFileReference; explicitFileType = wrapper.framework; includeInIndex = 0; path = Pods_TestingTests.framework; sourceTree = BUILT_PRODUCTS_DIR; };
		2D5F42AE334281026D049471 /* Pods-Testing.debug.xcconfig */ = {isa = PBXFileReference; includeInIndex = 1; lastKnownFileType = text.xcconfig; name = "Pods-Testing.debug.xcconfig"; path = "Target Support Files/Pods-Testing/Pods-Testing.debug.xcconfig"; sourceTree = "<group>"; };
		3658EDAF2D3E08F6007F9F80 /* SplashVC.swift */ = {isa = PBXFileReference; lastKnownFileType = sourcecode.swift; path = SplashVC.swift; sourceTree = "<group>"; };
		3658EDB32D3E0B28007F9F80 /* LaunchScreen.storyboard */ = {isa = PBXFileReference; lastKnownFileType = file.storyboard; path = LaunchScreen.storyboard; sourceTree = "<group>"; };
		3658EDB62D3E1F32007F9F80 /* AppColor.swift */ = {isa = PBXFileReference; lastKnownFileType = sourcecode.swift; path = AppColor.swift; sourceTree = "<group>"; };
		3658EDB82D3E203A007F9F80 /* Contants.swift */ = {isa = PBXFileReference; lastKnownFileType = sourcecode.swift; path = Contants.swift; sourceTree = "<group>"; };
		3658EDBB2D3E2302007F9F80 /* UIView+Ext.swift */ = {isa = PBXFileReference; lastKnownFileType = sourcecode.swift; path = "UIView+Ext.swift"; sourceTree = "<group>"; };
		3658EDBE2D3E239F007F9F80 /* TapGestureRecognizer.swift */ = {isa = PBXFileReference; lastKnownFileType = sourcecode.swift; path = TapGestureRecognizer.swift; sourceTree = "<group>"; };
		3658EDC02D3E242F007F9F80 /* UserDefaultsManager.swift */ = {isa = PBXFileReference; lastKnownFileType = sourcecode.swift; path = UserDefaultsManager.swift; sourceTree = "<group>"; };
		3658EDC42D3E2BDC007F9F80 /* UIColor+Ext.swift */ = {isa = PBXFileReference; lastKnownFileType = sourcecode.swift; path = "UIColor+Ext.swift"; sourceTree = "<group>"; };
		3658EDC62D3E30AB007F9F80 /* AppFont.swift */ = {isa = PBXFileReference; lastKnownFileType = sourcecode.swift; path = AppFont.swift; sourceTree = "<group>"; };
		367C50852D3E040300F47641 /* Testing.app */ = {isa = PBXFileReference; explicitFileType = wrapper.application; includeInIndex = 0; path = Testing.app; sourceTree = BUILT_PRODUCTS_DIR; };
		367C50882D3E040300F47641 /* AppDelegate.swift */ = {isa = PBXFileReference; lastKnownFileType = sourcecode.swift; path = AppDelegate.swift; sourceTree = "<group>"; };
		367C508A2D3E040300F47641 /* SceneDelegate.swift */ = {isa = PBXFileReference; lastKnownFileType = sourcecode.swift; path = SceneDelegate.swift; sourceTree = "<group>"; };
		367C508C2D3E040300F47641 /* MainVC.swift */ = {isa = PBXFileReference; lastKnownFileType = sourcecode.swift; path = MainVC.swift; sourceTree = "<group>"; };
		367C50912D3E040400F47641 /* Assets.xcassets */ = {isa = PBXFileReference; lastKnownFileType = folder.assetcatalog; path = Assets.xcassets; sourceTree = "<group>"; };
		367C50962D3E040400F47641 /* Info.plist */ = {isa = PBXFileReference; lastKnownFileType = text.plist.xml; path = Info.plist; sourceTree = "<group>"; };
		367C509B2D3E040500F47641 /* TestingTests.xctest */ = {isa = PBXFileReference; explicitFileType = wrapper.cfbundle; includeInIndex = 0; path = TestingTests.xctest; sourceTree = BUILT_PRODUCTS_DIR; };
		367C509F2D3E040500F47641 /* TestingTests.swift */ = {isa = PBXFileReference; lastKnownFileType = sourcecode.swift; path = TestingTests.swift; sourceTree = "<group>"; };
		367C50A52D3E040500F47641 /* TestingUITests.xctest */ = {isa = PBXFileReference; explicitFileType = wrapper.cfbundle; includeInIndex = 0; path = TestingUITests.xctest; sourceTree = BUILT_PRODUCTS_DIR; };
		367C50A92D3E040500F47641 /* TestingUITests.swift */ = {isa = PBXFileReference; lastKnownFileType = sourcecode.swift; path = TestingUITests.swift; sourceTree = "<group>"; };
		367C50AB2D3E040500F47641 /* TestingUITestsLaunchTests.swift */ = {isa = PBXFileReference; lastKnownFileType = sourcecode.swift; path = TestingUITestsLaunchTests.swift; sourceTree = "<group>"; };
		4CFA7974DA9738C154F54054 /* Pods-Testing-TestingUITests.release.xcconfig */ = {isa = PBXFileReference; includeInIndex = 1; lastKnownFileType = text.xcconfig; name = "Pods-Testing-TestingUITests.release.xcconfig"; path = "Target Support Files/Pods-Testing-TestingUITests/Pods-Testing-TestingUITests.release.xcconfig"; sourceTree = "<group>"; };
		521C6C5210FBFC76825AF651 /* Pods-Testing.release.xcconfig */ = {isa = PBXFileReference; includeInIndex = 1; lastKnownFileType = text.xcconfig; name = "Pods-Testing.release.xcconfig"; path = "Target Support Files/Pods-Testing/Pods-Testing.release.xcconfig"; sourceTree = "<group>"; };
		CF37D97109D51C291EC0E3D2 /* Pods-Testing-TestingUITests.debug.xcconfig */ = {isa = PBXFileReference; includeInIndex = 1; lastKnownFileType = text.xcconfig; name = "Pods-Testing-TestingUITests.debug.xcconfig"; path = "Target Support Files/Pods-Testing-TestingUITests/Pods-Testing-TestingUITests.debug.xcconfig"; sourceTree = "<group>"; };
		D16ED9BC25B23A0EFDAA6A50 /* Pods-TestingTests.release.xcconfig */ = {isa = PBXFileReference; includeInIndex = 1; lastKnownFileType = text.xcconfig; name = "Pods-TestingTests.release.xcconfig"; path = "Target Support Files/Pods-TestingTests/Pods-TestingTests.release.xcconfig"; sourceTree = "<group>"; };
		D83A155ECF7D04E72A67B309 /* Pods_Testing_TestingUITests.framework */ = {isa = PBXFileReference; explicitFileType = wrapper.framework; includeInIndex = 0; path = Pods_Testing_TestingUITests.framework; sourceTree = BUILT_PRODUCTS_DIR; };
/* End PBXFileReference section */

/* Begin PBXFrameworksBuildPhase section */
		367C50822D3E040300F47641 /* Frameworks */ = {
			isa = PBXFrameworksBuildPhase;
			buildActionMask = 2147483647;
			files = (
				C4F8972291965D9D778DE92E /* Pods_Testing.framework in Frameworks */,
			);
			runOnlyForDeploymentPostprocessing = 0;
		};
		367C50982D3E040500F47641 /* Frameworks */ = {
			isa = PBXFrameworksBuildPhase;
			buildActionMask = 2147483647;
			files = (
				F206D75B8458A523E55D0352 /* Pods_TestingTests.framework in Frameworks */,
			);
			runOnlyForDeploymentPostprocessing = 0;
		};
		367C50A22D3E040500F47641 /* Frameworks */ = {
			isa = PBXFrameworksBuildPhase;
			buildActionMask = 2147483647;
			files = (
				D10F656B601FDC1BC0579AA2 /* Pods_Testing_TestingUITests.framework in Frameworks */,
			);
			runOnlyForDeploymentPostprocessing = 0;
		};
/* End PBXFrameworksBuildPhase section */

/* Begin PBXGroup section */
		198F4FAD2CCB253680F6A2BD /* Frameworks */ = {
			isa = PBXGroup;
			children = (
				28C472879BD8D4B682C619F7 /* Pods_Testing.framework */,
				D83A155ECF7D04E72A67B309 /* Pods_Testing_TestingUITests.framework */,
				2D37DE68EF5AA7D814F9B4A1 /* Pods_TestingTests.framework */,
			);
			name = Frameworks;
			sourceTree = "<group>";
		};
		1BCE8E973A8069B8BA671B87 /* Pods */ = {
			isa = PBXGroup;
			children = (
				2D5F42AE334281026D049471 /* Pods-Testing.debug.xcconfig */,
				521C6C5210FBFC76825AF651 /* Pods-Testing.release.xcconfig */,
				CF37D97109D51C291EC0E3D2 /* Pods-Testing-TestingUITests.debug.xcconfig */,
				4CFA7974DA9738C154F54054 /* Pods-Testing-TestingUITests.release.xcconfig */,
				145E1E654F6A3061A61362C2 /* Pods-TestingTests.debug.xcconfig */,
				D16ED9BC25B23A0EFDAA6A50 /* Pods-TestingTests.release.xcconfig */,
			);
			path = Pods;
			sourceTree = "<group>";
		};
		3658EDB12D3E0928007F9F80 /* Init VC */ = {
			isa = PBXGroup;
			children = (
				3658EDAF2D3E08F6007F9F80 /* SplashVC.swift */,
				367C508C2D3E040300F47641 /* MainVC.swift */,
			);
			path = "Init VC";
			sourceTree = "<group>";
		};
		3658EDB22D3E0965007F9F80 /* Delegate */ = {
			isa = PBXGroup;
			children = (
				367C50882D3E040300F47641 /* AppDelegate.swift */,
				367C508A2D3E040300F47641 /* SceneDelegate.swift */,
			);
			path = Delegate;
			sourceTree = "<group>";
		};
		3658EDB52D3E1F20007F9F80 /* Utils */ = {
			isa = PBXGroup;
			children = (
				3658EDB62D3E1F32007F9F80 /* AppColor.swift */,
				3658EDB82D3E203A007F9F80 /* Contants.swift */,
				3658EDC62D3E30AB007F9F80 /* AppFont.swift */,
			);
			path = Utils;
			sourceTree = "<group>";
		};
		3658EDBA2D3E22EE007F9F80 /* Extensions */ = {
			isa = PBXGroup;
			children = (
				3658EDBB2D3E2302007F9F80 /* UIView+Ext.swift */,
				3658EDC42D3E2BDC007F9F80 /* UIColor+Ext.swift */,
			);
			path = Extensions;
			sourceTree = "<group>";
		};
		3658EDBD2D3E238D007F9F80 /* Helper */ = {
			isa = PBXGroup;
			children = (
				3658EDBE2D3E239F007F9F80 /* TapGestureRecognizer.swift */,
				3658EDC02D3E242F007F9F80 /* UserDefaultsManager.swift */,
			);
			path = Helper;
			sourceTree = "<group>";
		};
		367C507C2D3E040300F47641 = {
			isa = PBXGroup;
			children = (
				367C50872D3E040300F47641 /* Testing */,
				367C509E2D3E040500F47641 /* TestingTests */,
				367C50A82D3E040500F47641 /* TestingUITests */,
				367C50862D3E040300F47641 /* Products */,
				1BCE8E973A8069B8BA671B87 /* Pods */,
				198F4FAD2CCB253680F6A2BD /* Frameworks */,
			);
			sourceTree = "<group>";
		};
		367C50862D3E040300F47641 /* Products */ = {
			isa = PBXGroup;
			children = (
				367C50852D3E040300F47641 /* Testing.app */,
				367C509B2D3E040500F47641 /* TestingTests.xctest */,
				367C50A52D3E040500F47641 /* TestingUITests.xctest */,
			);
			name = Products;
			sourceTree = "<group>";
		};
		367C50872D3E040300F47641 /* Testing */ = {
			isa = PBXGroup;
			children = (
				3658EDBD2D3E238D007F9F80 /* Helper */,
				3658EDBA2D3E22EE007F9F80 /* Extensions */,
				3658EDB52D3E1F20007F9F80 /* Utils */,
				3658EDB22D3E0965007F9F80 /* Delegate */,
				3658EDB12D3E0928007F9F80 /* Init VC */,
				367C50912D3E040400F47641 /* Assets.xcassets */,
				367C50962D3E040400F47641 /* Info.plist */,
				3658EDB32D3E0B28007F9F80 /* LaunchScreen.storyboard */,
			);
			path = Testing;
			sourceTree = "<group>";
		};
		367C509E2D3E040500F47641 /* TestingTests */ = {
			isa = PBXGroup;
			children = (
				367C509F2D3E040500F47641 /* TestingTests.swift */,
			);
			path = TestingTests;
			sourceTree = "<group>";
		};
		367C50A82D3E040500F47641 /* TestingUITests */ = {
			isa = PBXGroup;
			children = (
				367C50A92D3E040500F47641 /* TestingUITests.swift */,
				367C50AB2D3E040500F47641 /* TestingUITestsLaunchTests.swift */,
			);
			path = TestingUITests;
			sourceTree = "<group>";
		};
/* End PBXGroup section */

/* Begin PBXNativeTarget section */
		367C50842D3E040300F47641 /* Testing */ = {
			isa = PBXNativeTarget;
			buildConfigurationList = 367C50AF2D3E040500F47641 /* Build configuration list for PBXNativeTarget "Testing" */;
			buildPhases = (
				476F580AAE72594700D59FC9 /* [CP] Check Pods Manifest.lock */,
				367C50812D3E040300F47641 /* Sources */,
				367C50822D3E040300F47641 /* Frameworks */,
				367C50832D3E040300F47641 /* Resources */,
				B06AB277FB590931D3A071BA /* [CP] Embed Pods Frameworks */,
			);
			buildRules = (
			);
			dependencies = (
			);
			name = Testing;
			productName = Testing;
			productReference = 367C50852D3E040300F47641 /* Testing.app */;
			productType = "com.apple.product-type.application";
		};
		367C509A2D3E040500F47641 /* TestingTests */ = {
			isa = PBXNativeTarget;
			buildConfigurationList = 367C50B22D3E040500F47641 /* Build configuration list for PBXNativeTarget "TestingTests" */;
			buildPhases = (
				971A6894BED14703CFEC9F77 /* [CP] Check Pods Manifest.lock */,
				367C50972D3E040500F47641 /* Sources */,
				367C50982D3E040500F47641 /* Frameworks */,
				367C50992D3E040500F47641 /* Resources */,
			);
			buildRules = (
			);
			dependencies = (
				367C509D2D3E040500F47641 /* PBXTargetDependency */,
			);
			name = TestingTests;
			productName = TestingTests;
			productReference = 367C509B2D3E040500F47641 /* TestingTests.xctest */;
			productType = "com.apple.product-type.bundle.unit-test";
		};
		367C50A42D3E040500F47641 /* TestingUITests */ = {
			isa = PBXNativeTarget;
			buildConfigurationList = 367C50B52D3E040500F47641 /* Build configuration list for PBXNativeTarget "TestingUITests" */;
			buildPhases = (
				056C45B5DBD0F5CE6DA33FC2 /* [CP] Check Pods Manifest.lock */,
				367C50A12D3E040500F47641 /* Sources */,
				367C50A22D3E040500F47641 /* Frameworks */,
				367C50A32D3E040500F47641 /* Resources */,
				84C5F993D9E4DE36ADD325BB /* [CP] Embed Pods Frameworks */,
			);
			buildRules = (
			);
			dependencies = (
				367C50A72D3E040500F47641 /* PBXTargetDependency */,
			);
			name = TestingUITests;
			productName = TestingUITests;
			productReference = 367C50A52D3E040500F47641 /* TestingUITests.xctest */;
			productType = "com.apple.product-type.bundle.ui-testing";
		};
/* End PBXNativeTarget section */

/* Begin PBXProject section */
		367C507D2D3E040300F47641 /* Project object */ = {
			isa = PBXProject;
			attributes = {
				BuildIndependentTargetsInParallel = 1;
				LastSwiftUpdateCheck = 1520;
				LastUpgradeCheck = 1520;
				TargetAttributes = {
					367C50842D3E040300F47641 = {
						CreatedOnToolsVersion = 15.2;
					};
					367C509A2D3E040500F47641 = {
						CreatedOnToolsVersion = 15.2;
						TestTargetID = 367C50842D3E040300F47641;
					};
					367C50A42D3E040500F47641 = {
						CreatedOnToolsVersion = 15.2;
						TestTargetID = 367C50842D3E040300F47641;
					};
				};
			};
			buildConfigurationList = 367C50802D3E040300F47641 /* Build configuration list for PBXProject "Testing" */;
			compatibilityVersion = "Xcode 14.0";
			developmentRegion = en;
			hasScannedForEncodings = 0;
			knownRegions = (
				en,
				Base,
			);
			mainGroup = 367C507C2D3E040300F47641;
			productRefGroup = 367C50862D3E040300F47641 /* Products */;
			projectDirPath = "";
			projectRoot = "";
			targets = (
				367C50842D3E040300F47641 /* Testing */,
				367C509A2D3E040500F47641 /* TestingTests */,
				367C50A42D3E040500F47641 /* TestingUITests */,
			);
		};
/* End PBXProject section */

/* Begin PBXResourcesBuildPhase section */
		367C50832D3E040300F47641 /* Resources */ = {
			isa = PBXResourcesBuildPhase;
			buildActionMask = 2147483647;
			files = (
				3658EDB42D3E0B28007F9F80 /* LaunchScreen.storyboard in Resources */,
				367C50922D3E040400F47641 /* Assets.xcassets in Resources */,
			);
			runOnlyForDeploymentPostprocessing = 0;
		};
		367C50992D3E040500F47641 /* Resources */ = {
			isa = PBXResourcesBuildPhase;
			buildActionMask = 2147483647;
			files = (
			);
			runOnlyForDeploymentPostprocessing = 0;
		};
		367C50A32D3E040500F47641 /* Resources */ = {
			isa = PBXResourcesBuildPhase;
			buildActionMask = 2147483647;
			files = (
			);
			runOnlyForDeploymentPostprocessing = 0;
		};
/* End PBXResourcesBuildPhase section */

/* Begin PBXShellScriptBuildPhase section */
		056C45B5DBD0F5CE6DA33FC2 /* [CP] Check Pods Manifest.lock */ = {
			isa = PBXShellScriptBuildPhase;
			buildActionMask = 2147483647;
			files = (
			);
			inputFileListPaths = (
			);
			inputPaths = (
				"${PODS_PODFILE_DIR_PATH}/Podfile.lock",
				"${PODS_ROOT}/Manifest.lock",
			);
			name = "[CP] Check Pods Manifest.lock";
			outputFileListPaths = (
			);
			outputPaths = (
				"$(DERIVED_FILE_DIR)/Pods-Testing-TestingUITests-checkManifestLockResult.txt",
			);
			runOnlyForDeploymentPostprocessing = 0;
			shellPath = /bin/sh;
			shellScript = "diff \"${PODS_PODFILE_DIR_PATH}/Podfile.lock\" \"${PODS_ROOT}/Manifest.lock\" > /dev/null\nif [ $? != 0 ] ; then\n    # print error to STDERR\n    echo \"error: The sandbox is not in sync with the Podfile.lock. Run 'pod install' or update your CocoaPods installation.\" >&2\n    exit 1\nfi\n# This output is used by Xcode 'outputs' to avoid re-running this script phase.\necho \"SUCCESS\" > \"${SCRIPT_OUTPUT_FILE_0}\"\n";
			showEnvVarsInLog = 0;
		};
		476F580AAE72594700D59FC9 /* [CP] Check Pods Manifest.lock */ = {
			isa = PBXShellScriptBuildPhase;
			buildActionMask = 2147483647;
			files = (
			);
			inputFileListPaths = (
			);
			inputPaths = (
				"${PODS_PODFILE_DIR_PATH}/Podfile.lock",
				"${PODS_ROOT}/Manifest.lock",
			);
			name = "[CP] Check Pods Manifest.lock";
			outputFileListPaths = (
			);
			outputPaths = (
				"$(DERIVED_FILE_DIR)/Pods-Testing-checkManifestLockResult.txt",
			);
			runOnlyForDeploymentPostprocessing = 0;
			shellPath = /bin/sh;
			shellScript = "diff \"${PODS_PODFILE_DIR_PATH}/Podfile.lock\" \"${PODS_ROOT}/Manifest.lock\" > /dev/null\nif [ $? != 0 ] ; then\n    # print error to STDERR\n    echo \"error: The sandbox is not in sync with the Podfile.lock. Run 'pod install' or update your CocoaPods installation.\" >&2\n    exit 1\nfi\n# This output is used by Xcode 'outputs' to avoid re-running this script phase.\necho \"SUCCESS\" > \"${SCRIPT_OUTPUT_FILE_0}\"\n";
			showEnvVarsInLog = 0;
		};
		84C5F993D9E4DE36ADD325BB /* [CP] Embed Pods Frameworks */ = {
			isa = PBXShellScriptBuildPhase;
			buildActionMask = 2147483647;
			files = (
			);
			inputFileListPaths = (
				"${PODS_ROOT}/Target Support Files/Pods-Testing-TestingUITests/Pods-Testing-TestingUITests-frameworks-${CONFIGURATION}-input-files.xcfilelist",
			);
			name = "[CP] Embed Pods Frameworks";
			outputFileListPaths = (
				"${PODS_ROOT}/Target Support Files/Pods-Testing-TestingUITests/Pods-Testing-TestingUITests-frameworks-${CONFIGURATION}-output-files.xcfilelist",
			);
			runOnlyForDeploymentPostprocessing = 0;
			shellPath = /bin/sh;
			shellScript = "\"${PODS_ROOT}/Target Support Files/Pods-Testing-TestingUITests/Pods-Testing-TestingUITests-frameworks.sh\"\n";
			showEnvVarsInLog = 0;
		};
		971A6894BED14703CFEC9F77 /* [CP] Check Pods Manifest.lock */ = {
			isa = PBXShellScriptBuildPhase;
			buildActionMask = 2147483647;
			files = (
			);
			inputFileListPaths = (
			);
			inputPaths = (
				"${PODS_PODFILE_DIR_PATH}/Podfile.lock",
				"${PODS_ROOT}/Manifest.lock",
			);
			name = "[CP] Check Pods Manifest.lock";
			outputFileListPaths = (
			);
			outputPaths = (
				"$(DERIVED_FILE_DIR)/Pods-TestingTests-checkManifestLockResult.txt",
			);
			runOnlyForDeploymentPostprocessing = 0;
			shellPath = /bin/sh;
			shellScript = "diff \"${PODS_PODFILE_DIR_PATH}/Podfile.lock\" \"${PODS_ROOT}/Manifest.lock\" > /dev/null\nif [ $? != 0 ] ; then\n    # print error to STDERR\n    echo \"error: The sandbox is not in sync with the Podfile.lock. Run 'pod install' or update your CocoaPods installation.\" >&2\n    exit 1\nfi\n# This output is used by Xcode 'outputs' to avoid re-running this script phase.\necho \"SUCCESS\" > \"${SCRIPT_OUTPUT_FILE_0}\"\n";
			showEnvVarsInLog = 0;
		};
		B06AB277FB590931D3A071BA /* [CP] Embed Pods Frameworks */ = {
			isa = PBXShellScriptBuildPhase;
			buildActionMask = 2147483647;
			files = (
			);
			inputFileListPaths = (
				"${PODS_ROOT}/Target Support Files/Pods-Testing/Pods-Testing-frameworks-${CONFIGURATION}-input-files.xcfilelist",
			);
			name = "[CP] Embed Pods Frameworks";
			outputFileListPaths = (
				"${PODS_ROOT}/Target Support Files/Pods-Testing/Pods-Testing-frameworks-${CONFIGURATION}-output-files.xcfilelist",
			);
			runOnlyForDeploymentPostprocessing = 0;
			shellPath = /bin/sh;
			shellScript = "\"${PODS_ROOT}/Target Support Files/Pods-Testing/Pods-Testing-frameworks.sh\"\n";
			showEnvVarsInLog = 0;
		};
/* End PBXShellScriptBuildPhase section */

/* Begin PBXSourcesBuildPhase section */
		367C50812D3E040300F47641 /* Sources */ = {
			isa = PBXSourcesBuildPhase;
			buildActionMask = 2147483647;
			files = (
				367C508D2D3E040300F47641 /* MainVC.swift in Sources */,
				3658EDBF2D3E239F007F9F80 /* TapGestureRecognizer.swift in Sources */,
				3658EDB72D3E1F32007F9F80 /* AppColor.swift in Sources */,
				3658EDC52D3E2BDC007F9F80 /* UIColor+Ext.swift in Sources */,
				3658EDB02D3E08F6007F9F80 /* SplashVC.swift in Sources */,
				367C50892D3E040300F47641 /* AppDelegate.swift in Sources */,
				3658EDC12D3E242F007F9F80 /* UserDefaultsManager.swift in Sources */,
				3658EDC72D3E30AB007F9F80 /* AppFont.swift in Sources */,
				3658EDBC2D3E2302007F9F80 /* UIView+Ext.swift in Sources */,
				367C508B2D3E040300F47641 /* SceneDelegate.swift in Sources */,
				3658EDB92D3E203B007F9F80 /* Contants.swift in Sources */,
			);
			runOnlyForDeploymentPostprocessing = 0;
		};
		367C50972D3E040500F47641 /* Sources */ = {
			isa = PBXSourcesBuildPhase;
			buildActionMask = 2147483647;
			files = (
				367C50A02D3E040500F47641 /* TestingTests.swift in Sources */,
			);
			runOnlyForDeploymentPostprocessing = 0;
		};
		367C50A12D3E040500F47641 /* Sources */ = {
			isa = PBXSourcesBuildPhase;
			buildActionMask = 2147483647;
			files = (
				367C50AA2D3E040500F47641 /* TestingUITests.swift in Sources */,
				367C50AC2D3E040500F47641 /* TestingUITestsLaunchTests.swift in Sources */,
			);
			runOnlyForDeploymentPostprocessing = 0;
		};
/* End PBXSourcesBuildPhase section */

/* Begin PBXTargetDependency section */
		367C509D2D3E040500F47641 /* PBXTargetDependency */ = {
			isa = PBXTargetDependency;
			target = 367C50842D3E040300F47641 /* Testing */;
			targetProxy = 367C509C2D3E040500F47641 /* PBXContainerItemProxy */;
		};
		367C50A72D3E040500F47641 /* PBXTargetDependency */ = {
			isa = PBXTargetDependency;
			target = 367C50842D3E040300F47641 /* Testing */;
			targetProxy = 367C50A62D3E040500F47641 /* PBXContainerItemProxy */;
		};
/* End PBXTargetDependency section */

/* Begin XCBuildConfiguration section */
		367C50AD2D3E040500F47641 /* Debug */ = {
			isa = XCBuildConfiguration;
			buildSettings = {
				ALWAYS_SEARCH_USER_PATHS = NO;
				ASSETCATALOG_COMPILER_GENERATE_SWIFT_ASSET_SYMBOL_EXTENSIONS = YES;
				CLANG_ANALYZER_NONNULL = YES;
				CLANG_ANALYZER_NUMBER_OBJECT_CONVERSION = YES_AGGRESSIVE;
				CLANG_CXX_LANGUAGE_STANDARD = "gnu++20";
				CLANG_ENABLE_MODULES = YES;
				CLANG_ENABLE_OBJC_ARC = YES;
				CLANG_ENABLE_OBJC_WEAK = YES;
				CLANG_WARN_BLOCK_CAPTURE_AUTORELEASING = YES;
				CLANG_WARN_BOOL_CONVERSION = YES;
				CLANG_WARN_COMMA = YES;
				CLANG_WARN_CONSTANT_CONVERSION = YES;
				CLANG_WARN_DEPRECATED_OBJC_IMPLEMENTATIONS = YES;
				CLANG_WARN_DIRECT_OBJC_ISA_USAGE = YES_ERROR;
				CLANG_WARN_DOCUMENTATION_COMMENTS = YES;
				CLANG_WARN_EMPTY_BODY = YES;
				CLANG_WARN_ENUM_CONVERSION = YES;
				CLANG_WARN_INFINITE_RECURSION = YES;
				CLANG_WARN_INT_CONVERSION = YES;
				CLANG_WARN_NON_LITERAL_NULL_CONVERSION = YES;
				CLANG_WARN_OBJC_IMPLICIT_RETAIN_SELF = YES;
				CLANG_WARN_OBJC_LITERAL_CONVERSION = YES;
				CLANG_WARN_OBJC_ROOT_CLASS = YES_ERROR;
				CLANG_WARN_QUOTED_INCLUDE_IN_FRAMEWORK_HEADER = YES;
				CLANG_WARN_RANGE_LOOP_ANALYSIS = YES;
				CLANG_WARN_STRICT_PROTOTYPES = YES;
				CLANG_WARN_SUSPICIOUS_MOVE = YES;
				CLANG_WARN_UNGUARDED_AVAILABILITY = YES_AGGRESSIVE;
				CLANG_WARN_UNREACHABLE_CODE = YES;
				CLANG_WARN__DUPLICATE_METHOD_MATCH = YES;
				COPY_PHASE_STRIP = NO;
				DEBUG_INFORMATION_FORMAT = dwarf;
				ENABLE_STRICT_OBJC_MSGSEND = YES;
				ENABLE_TESTABILITY = YES;
				ENABLE_USER_SCRIPT_SANDBOXING = NO;
				GCC_C_LANGUAGE_STANDARD = gnu17;
				GCC_DYNAMIC_NO_PIC = NO;
				GCC_NO_COMMON_BLOCKS = YES;
				GCC_OPTIMIZATION_LEVEL = 0;
				GCC_PREPROCESSOR_DEFINITIONS = (
					"DEBUG=1",
					"$(inherited)",
				);
				GCC_WARN_64_TO_32_BIT_CONVERSION = YES;
				GCC_WARN_ABOUT_RETURN_TYPE = YES_ERROR;
				GCC_WARN_UNDECLARED_SELECTOR = YES;
				GCC_WARN_UNINITIALIZED_AUTOS = YES_AGGRESSIVE;
				GCC_WARN_UNUSED_FUNCTION = YES;
				GCC_WARN_UNUSED_VARIABLE = YES;
				IPHONEOS_DEPLOYMENT_TARGET = 17.2;
				LOCALIZATION_PREFERS_STRING_CATALOGS = YES;
				MTL_ENABLE_DEBUG_INFO = INCLUDE_SOURCE;
				MTL_FAST_MATH = YES;
				ONLY_ACTIVE_ARCH = YES;
				SDKROOT = iphoneos;
				SWIFT_ACTIVE_COMPILATION_CONDITIONS = "DEBUG $(inherited)";
				SWIFT_OPTIMIZATION_LEVEL = "-Onone";
			};
			name = Debug;
		};
		367C50AE2D3E040500F47641 /* Release */ = {
			isa = XCBuildConfiguration;
			buildSettings = {
				ALWAYS_SEARCH_USER_PATHS = NO;
				ASSETCATALOG_COMPILER_GENERATE_SWIFT_ASSET_SYMBOL_EXTENSIONS = YES;
				CLANG_ANALYZER_NONNULL = YES;
				CLANG_ANALYZER_NUMBER_OBJECT_CONVERSION = YES_AGGRESSIVE;
				CLANG_CXX_LANGUAGE_STANDARD = "gnu++20";
				CLANG_ENABLE_MODULES = YES;
				CLANG_ENABLE_OBJC_ARC = YES;
				CLANG_ENABLE_OBJC_WEAK = YES;
				CLANG_WARN_BLOCK_CAPTURE_AUTORELEASING = YES;
				CLANG_WARN_BOOL_CONVERSION = YES;
				CLANG_WARN_COMMA = YES;
				CLANG_WARN_CONSTANT_CONVERSION = YES;
				CLANG_WARN_DEPRECATED_OBJC_IMPLEMENTATIONS = YES;
				CLANG_WARN_DIRECT_OBJC_ISA_USAGE = YES_ERROR;
				CLANG_WARN_DOCUMENTATION_COMMENTS = YES;
				CLANG_WARN_EMPTY_BODY = YES;
				CLANG_WARN_ENUM_CONVERSION = YES;
				CLANG_WARN_INFINITE_RECURSION = YES;
				CLANG_WARN_INT_CONVERSION = YES;
				CLANG_WARN_NON_LITERAL_NULL_CONVERSION = YES;
				CLANG_WARN_OBJC_IMPLICIT_RETAIN_SELF = YES;
				CLANG_WARN_OBJC_LITERAL_CONVERSION = YES;
				CLANG_WARN_OBJC_ROOT_CLASS = YES_ERROR;
				CLANG_WARN_QUOTED_INCLUDE_IN_FRAMEWORK_HEADER = YES;
				CLANG_WARN_RANGE_LOOP_ANALYSIS = YES;
				CLANG_WARN_STRICT_PROTOTYPES = YES;
				CLANG_WARN_SUSPICIOUS_MOVE = YES;
				CLANG_WARN_UNGUARDED_AVAILABILITY = YES_AGGRESSIVE;
				CLANG_WARN_UNREACHABLE_CODE = YES;
				CLANG_WARN__DUPLICATE_METHOD_MATCH = YES;
				COPY_PHASE_STRIP = NO;
				DEBUG_INFORMATION_FORMAT = "dwarf-with-dsym";
				ENABLE_NS_ASSERTIONS = NO;
				ENABLE_STRICT_OBJC_MSGSEND = YES;
				ENABLE_USER_SCRIPT_SANDBOXING = NO;
				GCC_C_LANGUAGE_STANDARD = gnu17;
				GCC_NO_COMMON_BLOCKS = YES;
				GCC_WARN_64_TO_32_BIT_CONVERSION = YES;
				GCC_WARN_ABOUT_RETURN_TYPE = YES_ERROR;
				GCC_WARN_UNDECLARED_SELECTOR = YES;
				GCC_WARN_UNINITIALIZED_AUTOS = YES_AGGRESSIVE;
				GCC_WARN_UNUSED_FUNCTION = YES;
				GCC_WARN_UNUSED_VARIABLE = YES;
				IPHONEOS_DEPLOYMENT_TARGET = 17.2;
				LOCALIZATION_PREFERS_STRING_CATALOGS = YES;
				MTL_ENABLE_DEBUG_INFO = NO;
				MTL_FAST_MATH = YES;
				SDKROOT = iphoneos;
				SWIFT_COMPILATION_MODE = wholemodule;
				VALIDATE_PRODUCT = YES;
			};
			name = Release;
		};
		367C50B02D3E040500F47641 /* Debug */ = {
			isa = XCBuildConfiguration;
			baseConfigurationReference = 2D5F42AE334281026D049471 /* Pods-Testing.debug.xcconfig */;
			buildSettings = {
				ASSETCATALOG_COMPILER_APPICON_NAME = AppIcon;
				ASSETCATALOG_COMPILER_GLOBAL_ACCENT_COLOR_NAME = AccentColor;
				CODE_SIGN_STYLE = Automatic;
				CURRENT_PROJECT_VERSION = 1;
				GENERATE_INFOPLIST_FILE = YES;
				INFOPLIST_FILE = Testing/Info.plist;
				INFOPLIST_KEY_UIApplicationSupportsIndirectInputEvents = YES;
				INFOPLIST_KEY_UISupportedInterfaceOrientations_iPad = "UIInterfaceOrientationPortrait UIInterfaceOrientationPortraitUpsideDown UIInterfaceOrientationLandscapeLeft UIInterfaceOrientationLandscapeRight";
				INFOPLIST_KEY_UISupportedInterfaceOrientations_iPhone = "UIInterfaceOrientationPortrait UIInterfaceOrientationLandscapeLeft UIInterfaceOrientationLandscapeRight";
				LD_RUNPATH_SEARCH_PATHS = (
					"$(inherited)",
					"@executable_path/Frameworks",
				);
				MARKETING_VERSION = 1.0;
				PRODUCT_BUNDLE_IDENTIFIER = Selfproject.Testing;
				PRODUCT_NAME = "$(TARGET_NAME)";
				SWIFT_EMIT_LOC_STRINGS = YES;
				SWIFT_VERSION = 5.0;
				TARGETED_DEVICE_FAMILY = "1,2";
			};
			name = Debug;
		};
		367C50B12D3E040500F47641 /* Release */ = {
			isa = XCBuildConfiguration;
			baseConfigurationReference = 521C6C5210FBFC76825AF651 /* Pods-Testing.release.xcconfig */;
			buildSettings = {
				ASSETCATALOG_COMPILER_APPICON_NAME = AppIcon;
				ASSETCATALOG_COMPILER_GLOBAL_ACCENT_COLOR_NAME = AccentColor;
				CODE_SIGN_STYLE = Automatic;
				CURRENT_PROJECT_VERSION = 1;
				GENERATE_INFOPLIST_FILE = YES;
				INFOPLIST_FILE = Testing/Info.plist;
				INFOPLIST_KEY_UIApplicationSupportsIndirectInputEvents = YES;
				INFOPLIST_KEY_UISupportedInterfaceOrientations_iPad = "UIInterfaceOrientationPortrait UIInterfaceOrientationPortraitUpsideDown UIInterfaceOrientationLandscapeLeft UIInterfaceOrientationLandscapeRight";
				INFOPLIST_KEY_UISupportedInterfaceOrientations_iPhone = "UIInterfaceOrientationPortrait UIInterfaceOrientationLandscapeLeft UIInterfaceOrientationLandscapeRight";
				LD_RUNPATH_SEARCH_PATHS = (
					"$(inherited)",
					"@executable_path/Frameworks",
				);
				MARKETING_VERSION = 1.0;
				PRODUCT_BUNDLE_IDENTIFIER = Selfproject.Testing;
				PRODUCT_NAME = "$(TARGET_NAME)";
				SWIFT_EMIT_LOC_STRINGS = YES;
				SWIFT_VERSION = 5.0;
				TARGETED_DEVICE_FAMILY = "1,2";
			};
			name = Release;
		};
		367C50B32D3E040500F47641 /* Debug */ = {
			isa = XCBuildConfiguration;
			baseConfigurationReference = 145E1E654F6A3061A61362C2 /* Pods-TestingTests.debug.xcconfig */;
			buildSettings = {
				ALWAYS_EMBED_SWIFT_STANDARD_LIBRARIES = YES;
				BUNDLE_LOADER = "$(TEST_HOST)";
				CODE_SIGN_STYLE = Automatic;
				CURRENT_PROJECT_VERSION = 1;
				GENERATE_INFOPLIST_FILE = YES;
				IPHONEOS_DEPLOYMENT_TARGET = 17.2;
				MARKETING_VERSION = 1.0;
				PRODUCT_BUNDLE_IDENTIFIER = Selfproject.TestingTests;
				PRODUCT_NAME = "$(TARGET_NAME)";
				SWIFT_EMIT_LOC_STRINGS = NO;
				SWIFT_VERSION = 5.0;
				TARGETED_DEVICE_FAMILY = "1,2";
				TEST_HOST = "$(BUILT_PRODUCTS_DIR)/Testing.app/$(BUNDLE_EXECUTABLE_FOLDER_PATH)/Testing";
			};
			name = Debug;
		};
		367C50B42D3E040500F47641 /* Release */ = {
			isa = XCBuildConfiguration;
			baseConfigurationReference = D16ED9BC25B23A0EFDAA6A50 /* Pods-TestingTests.release.xcconfig */;
			buildSettings = {
				ALWAYS_EMBED_SWIFT_STANDARD_LIBRARIES = YES;
				BUNDLE_LOADER = "$(TEST_HOST)";
				CODE_SIGN_STYLE = Automatic;
				CURRENT_PROJECT_VERSION = 1;
				GENERATE_INFOPLIST_FILE = YES;
				IPHONEOS_DEPLOYMENT_TARGET = 17.2;
				MARKETING_VERSION = 1.0;
				PRODUCT_BUNDLE_IDENTIFIER = Selfproject.TestingTests;
				PRODUCT_NAME = "$(TARGET_NAME)";
				SWIFT_EMIT_LOC_STRINGS = NO;
				SWIFT_VERSION = 5.0;
				TARGETED_DEVICE_FAMILY = "1,2";
				TEST_HOST = "$(BUILT_PRODUCTS_DIR)/Testing.app/$(BUNDLE_EXECUTABLE_FOLDER_PATH)/Testing";
			};
			name = Release;
		};
		367C50B62D3E040500F47641 /* Debug */ = {
			isa = XCBuildConfiguration;
			baseConfigurationReference = CF37D97109D51C291EC0E3D2 /* Pods-Testing-TestingUITests.debug.xcconfig */;
			buildSettings = {
				ALWAYS_EMBED_SWIFT_STANDARD_LIBRARIES = YES;
				CODE_SIGN_STYLE = Automatic;
				CURRENT_PROJECT_VERSION = 1;
				GENERATE_INFOPLIST_FILE = YES;
				MARKETING_VERSION = 1.0;
				PRODUCT_BUNDLE_IDENTIFIER = Selfproject.TestingUITests;
				PRODUCT_NAME = "$(TARGET_NAME)";
				SWIFT_EMIT_LOC_STRINGS = NO;
				SWIFT_VERSION = 5.0;
				TARGETED_DEVICE_FAMILY = "1,2";
				TEST_TARGET_NAME = Testing;
			};
			name = Debug;
		};
		367C50B72D3E040500F47641 /* Release */ = {
			isa = XCBuildConfiguration;
			baseConfigurationReference = 4CFA7974DA9738C154F54054 /* Pods-Testing-TestingUITests.release.xcconfig */;
			buildSettings = {
				ALWAYS_EMBED_SWIFT_STANDARD_LIBRARIES = YES;
				CODE_SIGN_STYLE = Automatic;
				CURRENT_PROJECT_VERSION = 1;
				GENERATE_INFOPLIST_FILE = YES;
				MARKETING_VERSION = 1.0;
				PRODUCT_BUNDLE_IDENTIFIER = Selfproject.TestingUITests;
				PRODUCT_NAME = "$(TARGET_NAME)";
				SWIFT_EMIT_LOC_STRINGS = NO;
				SWIFT_VERSION = 5.0;
				TARGETED_DEVICE_FAMILY = "1,2";
				TEST_TARGET_NAME = Testing;
			};
			name = Release;
		};
/* End XCBuildConfiguration section */

/* Begin XCConfigurationList section */
		367C50802D3E040300F47641 /* Build configuration list for PBXProject "Testing" */ = {
			isa = XCConfigurationList;
			buildConfigurations = (
				367C50AD2D3E040500F47641 /* Debug */,
				367C50AE2D3E040500F47641 /* Release */,
			);
			defaultConfigurationIsVisible = 0;
			defaultConfigurationName = Release;
		};
		367C50AF2D3E040500F47641 /* Build configuration list for PBXNativeTarget "Testing" */ = {
			isa = XCConfigurationList;
			buildConfigurations = (
				367C50B02D3E040500F47641 /* Debug */,
				367C50B12D3E040500F47641 /* Release */,
			);
			defaultConfigurationIsVisible = 0;
			defaultConfigurationName = Release;
		};
		367C50B22D3E040500F47641 /* Build configuration list for PBXNativeTarget "TestingTests" */ = {
			isa = XCConfigurationList;
			buildConfigurations = (
				367C50B32D3E040500F47641 /* Debug */,
				367C50B42D3E040500F47641 /* Release */,
			);
			defaultConfigurationIsVisible = 0;
			defaultConfigurationName = Release;
		};
		367C50B52D3E040500F47641 /* Build configuration list for PBXNativeTarget "TestingUITests" */ = {
			isa = XCConfigurationList;
			buildConfigurations = (
				367C50B62D3E040500F47641 /* Debug */,
				367C50B72D3E040500F47641 /* Release */,
			);
			defaultConfigurationIsVisible = 0;
			defaultConfigurationName = Release;
		};
/* End XCConfigurationList section */
	};
	rootObject = 367C507D2D3E040300F47641 /* Project object */;
}
